{
  "nodes": {
    "nixpkgs": {
      "locked": {
        "lastModified": 1731347779,
        "narHash": "sha256-0eNbQvnNtzGEN5rjkKHH2w0W/TnnenOM9JMlxDeZIZE=",
        "owner": "nixos",
        "repo": "nixpkgs",
        "rev": "71091397ccd469d8dbfdc602bbbf23bc9cf773e7",
        "type": "github"
      },
      "original": {
        "owner": "nixos",
        "repo": "nixpkgs",
        "type": "github"
      }
    },
    "root": {
      "inputs": {
        "nixpkgs": "nixpkgs"
      }
    }
  },
  "root": "root",
  "version": 7
}
